// !$*UTF8*$!
{
	archiveVersion = 1;
	classes = {
	};
	objectVersion = 55;
	objects = {

/* Begin PBXBuildFile section */
		0B1A474028F62C2A008D44C5 /* RecordingView.swift in Sources */ = {isa = PBXBuildFile; fileRef = 0B1A473F28F62C2A008D44C5 /* RecordingView.swift */; };
		0B1A474228F62F0B008D44C5 /* Double+extension.swift in Sources */ = {isa = PBXBuildFile; fileRef = 0B1A474128F62F0B008D44C5 /* Double+extension.swift */; };
		0B1A474528F638B3008D44C5 /* ImageManager.swift in Sources */ = {isa = PBXBuildFile; fileRef = 0B1A474428F638B3008D44C5 /* ImageManager.swift */; };
		0B8429F828F4828E00723AD4 /* GoogleService-Info.plist in Resources */ = {isa = PBXBuildFile; fileRef = 0B8429F728F4828E00723AD4 /* GoogleService-Info.plist */; };
		0B842A0528F4883A00723AD4 /* FirebaseStorage in Frameworks */ = {isa = PBXBuildFile; productRef = 0B842A0428F4883A00723AD4 /* FirebaseStorage */; };
		0BC8E25128F4930C002B0FA3 /* FirebaseStorage.swift in Sources */ = {isa = PBXBuildFile; fileRef = 0BC8E25028F4930C002B0FA3 /* FirebaseStorage.swift */; };
		0BC8E25428F4968D002B0FA3 /* RecodeListViewController.swift in Sources */ = {isa = PBXBuildFile; fileRef = 0BC8E25328F4968D002B0FA3 /* RecodeListViewController.swift */; };
		0BC8E25728F49724002B0FA3 /* RecordingViewController.swift in Sources */ = {isa = PBXBuildFile; fileRef = 0BC8E25628F49724002B0FA3 /* RecordingViewController.swift */; };
		0BC8E25A28F497C2002B0FA3 /* PlayBackViewController.swift in Sources */ = {isa = PBXBuildFile; fileRef = 0BC8E25928F497C2002B0FA3 /* PlayBackViewController.swift */; };
		5D01E6DC28F721DD000A7E6F /* Foundation+.swift in Sources */ = {isa = PBXBuildFile; fileRef = 5D01E6DB28F721DD000A7E6F /* Foundation+.swift */; };
		5D01E6DE28F7EFB9000A7E6F /* PhotoKit+.swift in Sources */ = {isa = PBXBuildFile; fileRef = 5D01E6DD28F7EFB9000A7E6F /* PhotoKit+.swift */; };
		5D01E6E228F7F85E000A7E6F /* PaddingLabel.swift in Sources */ = {isa = PBXBuildFile; fileRef = 5D01E6E128F7F85E000A7E6F /* PaddingLabel.swift */; };
		5DC1255C28F54F3F004B2BFC /* RecodeListCell.swift in Sources */ = {isa = PBXBuildFile; fileRef = 5DC1255B28F54F3F004B2BFC /* RecodeListCell.swift */; };
		5DC1257228F6AD6B004B2BFC /* UIKit+.swift in Sources */ = {isa = PBXBuildFile; fileRef = 5DC1257128F6AD6B004B2BFC /* UIKit+.swift */; };
		6321037828F06E7200CC1609 /* AppDelegate.swift in Sources */ = {isa = PBXBuildFile; fileRef = 6321037728F06E7200CC1609 /* AppDelegate.swift */; };
		6321037A28F06E7200CC1609 /* SceneDelegate.swift in Sources */ = {isa = PBXBuildFile; fileRef = 6321037928F06E7200CC1609 /* SceneDelegate.swift */; };
		6321037C28F06E7200CC1609 /* ViewController.swift in Sources */ = {isa = PBXBuildFile; fileRef = 6321037B28F06E7200CC1609 /* ViewController.swift */; };
		6321038128F06E7300CC1609 /* Assets.xcassets in Resources */ = {isa = PBXBuildFile; fileRef = 6321038028F06E7300CC1609 /* Assets.xcassets */; };
		6321038428F06E7300CC1609 /* LaunchScreen.storyboard in Resources */ = {isa = PBXBuildFile; fileRef = 6321038228F06E7300CC1609 /* LaunchScreen.storyboard */; };
/* End PBXBuildFile section */

/* Begin PBXFileReference section */
		0B1A473F28F62C2A008D44C5 /* RecordingView.swift */ = {isa = PBXFileReference; lastKnownFileType = sourcecode.swift; path = RecordingView.swift; sourceTree = "<group>"; };
		0B1A474128F62F0B008D44C5 /* Double+extension.swift */ = {isa = PBXFileReference; lastKnownFileType = sourcecode.swift; path = "Double+extension.swift"; sourceTree = "<group>"; };
		0B1A474428F638B3008D44C5 /* ImageManager.swift */ = {isa = PBXFileReference; lastKnownFileType = sourcecode.swift; path = ImageManager.swift; sourceTree = "<group>"; };
		0B8429F728F4828E00723AD4 /* GoogleService-Info.plist */ = {isa = PBXFileReference; fileEncoding = 4; lastKnownFileType = text.plist.xml; path = "GoogleService-Info.plist"; sourceTree = "<group>"; };
		0BC8E25028F4930C002B0FA3 /* FirebaseStorage.swift */ = {isa = PBXFileReference; lastKnownFileType = sourcecode.swift; path = FirebaseStorage.swift; sourceTree = "<group>"; };
		0BC8E25328F4968D002B0FA3 /* RecodeListViewController.swift */ = {isa = PBXFileReference; lastKnownFileType = sourcecode.swift; path = RecodeListViewController.swift; sourceTree = "<group>"; };
		0BC8E25628F49724002B0FA3 /* RecordingViewController.swift */ = {isa = PBXFileReference; lastKnownFileType = sourcecode.swift; path = RecordingViewController.swift; sourceTree = "<group>"; };
		0BC8E25928F497C2002B0FA3 /* PlayBackViewController.swift */ = {isa = PBXFileReference; lastKnownFileType = sourcecode.swift; path = PlayBackViewController.swift; sourceTree = "<group>"; };
		5D01E6DB28F721DD000A7E6F /* Foundation+.swift */ = {isa = PBXFileReference; lastKnownFileType = sourcecode.swift; path = "Foundation+.swift"; sourceTree = "<group>"; };
		5D01E6DD28F7EFB9000A7E6F /* PhotoKit+.swift */ = {isa = PBXFileReference; lastKnownFileType = sourcecode.swift; path = "PhotoKit+.swift"; sourceTree = "<group>"; };
		5D01E6E128F7F85E000A7E6F /* PaddingLabel.swift */ = {isa = PBXFileReference; lastKnownFileType = sourcecode.swift; path = PaddingLabel.swift; sourceTree = "<group>"; };
		5DC1255B28F54F3F004B2BFC /* RecodeListCell.swift */ = {isa = PBXFileReference; lastKnownFileType = sourcecode.swift; path = RecodeListCell.swift; sourceTree = "<group>"; };
		5DC1257128F6AD6B004B2BFC /* UIKit+.swift */ = {isa = PBXFileReference; lastKnownFileType = sourcecode.swift; path = "UIKit+.swift"; sourceTree = "<group>"; };
		6321037428F06E7200CC1609 /* VideoRecorder.app */ = {isa = PBXFileReference; explicitFileType = wrapper.application; includeInIndex = 0; path = VideoRecorder.app; sourceTree = BUILT_PRODUCTS_DIR; };
		6321037728F06E7200CC1609 /* AppDelegate.swift */ = {isa = PBXFileReference; lastKnownFileType = sourcecode.swift; path = AppDelegate.swift; sourceTree = "<group>"; };
		6321037928F06E7200CC1609 /* SceneDelegate.swift */ = {isa = PBXFileReference; lastKnownFileType = sourcecode.swift; path = SceneDelegate.swift; sourceTree = "<group>"; };
		6321037B28F06E7200CC1609 /* ViewController.swift */ = {isa = PBXFileReference; lastKnownFileType = sourcecode.swift; path = ViewController.swift; sourceTree = "<group>"; };
		6321038028F06E7300CC1609 /* Assets.xcassets */ = {isa = PBXFileReference; lastKnownFileType = folder.assetcatalog; path = Assets.xcassets; sourceTree = "<group>"; };
		6321038328F06E7300CC1609 /* Base */ = {isa = PBXFileReference; lastKnownFileType = file.storyboard; name = Base; path = Base.lproj/LaunchScreen.storyboard; sourceTree = "<group>"; };
		6321038528F06E7300CC1609 /* Info.plist */ = {isa = PBXFileReference; lastKnownFileType = text.plist.xml; path = Info.plist; sourceTree = "<group>"; };
/* End PBXFileReference section */

/* Begin PBXFrameworksBuildPhase section */
		6321037128F06E7200CC1609 /* Frameworks */ = {
			isa = PBXFrameworksBuildPhase;
			buildActionMask = 2147483647;
			files = (
				0B842A0528F4883A00723AD4 /* FirebaseStorage in Frameworks */,
			);
			runOnlyForDeploymentPostprocessing = 0;
		};
/* End PBXFrameworksBuildPhase section */

/* Begin PBXGroup section */
		0B1A474328F6389F008D44C5 /* component */ = {
			isa = PBXGroup;
			children = (
				0B1A474428F638B3008D44C5 /* ImageManager.swift */,
			);
			path = component;
			sourceTree = "<group>";
		};
		0BC8E24F28F492D4002B0FA3 /* Firebase */ = {
			isa = PBXGroup;
			children = (
				0BC8E25028F4930C002B0FA3 /* FirebaseStorage.swift */,
			);
			path = Firebase;
			sourceTree = "<group>";
		};
		0BC8E25228F49612002B0FA3 /* RecodeVideoList */ = {
			isa = PBXGroup;
			children = (
				0BC8E25328F4968D002B0FA3 /* RecodeListViewController.swift */,
				5DC1255B28F54F3F004B2BFC /* RecodeListCell.swift */,
			);
			path = RecodeVideoList;
			sourceTree = "<group>";
		};
		0BC8E25528F496E8002B0FA3 /* VideoRecording */ = {
			isa = PBXGroup;
			children = (
				0BC8E25628F49724002B0FA3 /* RecordingViewController.swift */,
				0B1A473F28F62C2A008D44C5 /* RecordingView.swift */,
			);
			path = VideoRecording;
			sourceTree = "<group>";
		};
		0BC8E25828F49779002B0FA3 /* PlayBack */ = {
			isa = PBXGroup;
			children = (
				0BC8E25928F497C2002B0FA3 /* PlayBackViewController.swift */,
			);
			path = PlayBack;
			sourceTree = "<group>";
		};
		5D01E6E028F7F852000A7E6F /* Views */ = {
			isa = PBXGroup;
			children = (
				5D01E6E128F7F85E000A7E6F /* PaddingLabel.swift */,
			);
			path = Views;
			sourceTree = "<group>";
		};
		5DC1256A28F6911C004B2BFC /* Extensions */ = {
			isa = PBXGroup;
			children = (
				5DC1257128F6AD6B004B2BFC /* UIKit+.swift */,
				5D01E6DB28F721DD000A7E6F /* Foundation+.swift */,
				5D01E6DD28F7EFB9000A7E6F /* PhotoKit+.swift */,
			);
			path = Extensions;
			sourceTree = "<group>";
		};
		0BCA5FA328F83B21003B97B1 /* Extenstions */ = {
			isa = PBXGroup;
			children = (
				0B1A474128F62F0B008D44C5 /* Double+extension.swift */,
			);
			path = Extenstions;
			sourceTree = "<group>";
		};
		6321036B28F06E7200CC1609 = {
			isa = PBXGroup;
			children = (
				0B1A474328F6389F008D44C5 /* component */,
				0BC8E24F28F492D4002B0FA3 /* Firebase */,
				6321037628F06E7200CC1609 /* VideoRecorder */,
				6321037528F06E7200CC1609 /* Products */,
			);
			sourceTree = "<group>";
		};
		6321037528F06E7200CC1609 /* Products */ = {
			isa = PBXGroup;
			children = (
				6321037428F06E7200CC1609 /* VideoRecorder.app */,
			);
			name = Products;
			sourceTree = "<group>";
		};
		6321037628F06E7200CC1609 /* VideoRecorder */ = {
			isa = PBXGroup;
			children = (
				0BC8E25228F49612002B0FA3 /* RecodeVideoList */,
				0BC8E25528F496E8002B0FA3 /* VideoRecording */,
				0BC8E25828F49779002B0FA3 /* PlayBack */,
				5D01E6E028F7F852000A7E6F /* Views */,
				5DC1256A28F6911C004B2BFC /* Extensions */,
				6321037728F06E7200CC1609 /* AppDelegate.swift */,
				6321037928F06E7200CC1609 /* SceneDelegate.swift */,
				6321037B28F06E7200CC1609 /* ViewController.swift */,
				6321038028F06E7300CC1609 /* Assets.xcassets */,
				6321038228F06E7300CC1609 /* LaunchScreen.storyboard */,
				6321038528F06E7300CC1609 /* Info.plist */,
				0B8429F728F4828E00723AD4 /* GoogleService-Info.plist */,
			);
			path = VideoRecorder;
			sourceTree = "<group>";
		};
/* End PBXGroup section */

/* Begin PBXNativeTarget section */
		6321037328F06E7200CC1609 /* VideoRecorder */ = {
			isa = PBXNativeTarget;
			buildConfigurationList = 6321038828F06E7300CC1609 /* Build configuration list for PBXNativeTarget "VideoRecorder" */;
			buildPhases = (
				6321037028F06E7200CC1609 /* Sources */,
				6321037128F06E7200CC1609 /* Frameworks */,
				6321037228F06E7200CC1609 /* Resources */,
			);
			buildRules = (
			);
			dependencies = (
			);
			name = VideoRecorder;
			packageProductDependencies = (
				0B842A0428F4883A00723AD4 /* FirebaseStorage */,
			);
			productName = VideoRecorder;
			productReference = 6321037428F06E7200CC1609 /* VideoRecorder.app */;
			productType = "com.apple.product-type.application";
		};
/* End PBXNativeTarget section */

/* Begin PBXProject section */
		6321036C28F06E7200CC1609 /* Project object */ = {
			isa = PBXProject;
			attributes = {
				BuildIndependentTargetsInParallel = 1;
				LastSwiftUpdateCheck = 1400;
				LastUpgradeCheck = 1400;
				TargetAttributes = {
					6321037328F06E7200CC1609 = {
						CreatedOnToolsVersion = 13.0;
					};
				};
			};
			buildConfigurationList = 6321036F28F06E7200CC1609 /* Build configuration list for PBXProject "VideoRecorder" */;
			compatibilityVersion = "Xcode 13.0";
			developmentRegion = en;
			hasScannedForEncodings = 0;
			knownRegions = (
				en,
				Base,
			);
			mainGroup = 6321036B28F06E7200CC1609;
			packageReferences = (
				0B842A0328F4883A00723AD4 /* XCRemoteSwiftPackageReference "firebase-ios-sdk" */,
			);
			productRefGroup = 6321037528F06E7200CC1609 /* Products */;
			projectDirPath = "";
			projectRoot = "";
			targets = (
				6321037328F06E7200CC1609 /* VideoRecorder */,
			);
		};
/* End PBXProject section */

/* Begin PBXResourcesBuildPhase section */
		6321037228F06E7200CC1609 /* Resources */ = {
			isa = PBXResourcesBuildPhase;
			buildActionMask = 2147483647;
			files = (
				6321038428F06E7300CC1609 /* LaunchScreen.storyboard in Resources */,
				0B8429F828F4828E00723AD4 /* GoogleService-Info.plist in Resources */,
				6321038128F06E7300CC1609 /* Assets.xcassets in Resources */,
			);
			runOnlyForDeploymentPostprocessing = 0;
		};
/* End PBXResourcesBuildPhase section */

/* Begin PBXSourcesBuildPhase section */
		6321037028F06E7200CC1609 /* Sources */ = {
			isa = PBXSourcesBuildPhase;
			buildActionMask = 2147483647;
			files = (
				0B1A474228F62F0B008D44C5 /* Double+extension.swift in Sources */,
				0B1A474528F638B3008D44C5 /* ImageManager.swift in Sources */,
				5D01E6E228F7F85E000A7E6F /* PaddingLabel.swift in Sources */,
				0BC8E25428F4968D002B0FA3 /* RecodeListViewController.swift in Sources */,
				5DC1257228F6AD6B004B2BFC /* UIKit+.swift in Sources */,
				0BC8E25A28F497C2002B0FA3 /* PlayBackViewController.swift in Sources */,
				5D01E6DC28F721DD000A7E6F /* Foundation+.swift in Sources */,
				5DC1255C28F54F3F004B2BFC /* RecodeListCell.swift in Sources */,
				0BC8E25128F4930C002B0FA3 /* FirebaseStorage.swift in Sources */,
				6321037C28F06E7200CC1609 /* ViewController.swift in Sources */,
				6321037828F06E7200CC1609 /* AppDelegate.swift in Sources */,
				6321037A28F06E7200CC1609 /* SceneDelegate.swift in Sources */,
				0B1A474028F62C2A008D44C5 /* RecordingView.swift in Sources */,
				0BC8E25728F49724002B0FA3 /* RecordingViewController.swift in Sources */,
				5D01E6DE28F7EFB9000A7E6F /* PhotoKit+.swift in Sources */,
			);
			runOnlyForDeploymentPostprocessing = 0;
		};
/* End PBXSourcesBuildPhase section */

/* Begin PBXVariantGroup section */
		6321038228F06E7300CC1609 /* LaunchScreen.storyboard */ = {
			isa = PBXVariantGroup;
			children = (
				6321038328F06E7300CC1609 /* Base */,
			);
			name = LaunchScreen.storyboard;
			sourceTree = "<group>";
		};
/* End PBXVariantGroup section */

/* Begin XCBuildConfiguration section */
		6321038628F06E7300CC1609 /* Debug */ = {
			isa = XCBuildConfiguration;
			buildSettings = {
				ALWAYS_SEARCH_USER_PATHS = NO;
				CLANG_ANALYZER_NONNULL = YES;
				CLANG_ANALYZER_NUMBER_OBJECT_CONVERSION = YES_AGGRESSIVE;
				CLANG_CXX_LANGUAGE_STANDARD = "gnu++20";
				CLANG_ENABLE_MODULES = YES;
				CLANG_ENABLE_OBJC_ARC = YES;
				CLANG_ENABLE_OBJC_WEAK = YES;
				CLANG_WARN_BLOCK_CAPTURE_AUTORELEASING = YES;
				CLANG_WARN_BOOL_CONVERSION = YES;
				CLANG_WARN_COMMA = YES;
				CLANG_WARN_CONSTANT_CONVERSION = YES;
				CLANG_WARN_DEPRECATED_OBJC_IMPLEMENTATIONS = YES;
				CLANG_WARN_DIRECT_OBJC_ISA_USAGE = YES_ERROR;
				CLANG_WARN_DOCUMENTATION_COMMENTS = YES;
				CLANG_WARN_EMPTY_BODY = YES;
				CLANG_WARN_ENUM_CONVERSION = YES;
				CLANG_WARN_INFINITE_RECURSION = YES;
				CLANG_WARN_INT_CONVERSION = YES;
				CLANG_WARN_NON_LITERAL_NULL_CONVERSION = YES;
				CLANG_WARN_OBJC_IMPLICIT_RETAIN_SELF = YES;
				CLANG_WARN_OBJC_LITERAL_CONVERSION = YES;
				CLANG_WARN_OBJC_ROOT_CLASS = YES_ERROR;
				CLANG_WARN_QUOTED_INCLUDE_IN_FRAMEWORK_HEADER = YES;
				CLANG_WARN_RANGE_LOOP_ANALYSIS = YES;
				CLANG_WARN_STRICT_PROTOTYPES = YES;
				CLANG_WARN_SUSPICIOUS_MOVE = YES;
				CLANG_WARN_UNGUARDED_AVAILABILITY = YES_AGGRESSIVE;
				CLANG_WARN_UNREACHABLE_CODE = YES;
				CLANG_WARN__DUPLICATE_METHOD_MATCH = YES;
				COPY_PHASE_STRIP = NO;
				DEBUG_INFORMATION_FORMAT = dwarf;
				ENABLE_STRICT_OBJC_MSGSEND = YES;
				ENABLE_TESTABILITY = YES;
				GCC_C_LANGUAGE_STANDARD = gnu11;
				GCC_DYNAMIC_NO_PIC = NO;
				GCC_NO_COMMON_BLOCKS = YES;
				GCC_OPTIMIZATION_LEVEL = 0;
				GCC_PREPROCESSOR_DEFINITIONS = (
					"DEBUG=1",
					"$(inherited)",
				);
				GCC_WARN_64_TO_32_BIT_CONVERSION = YES;
				GCC_WARN_ABOUT_RETURN_TYPE = YES_ERROR;
				GCC_WARN_UNDECLARED_SELECTOR = YES;
				GCC_WARN_UNINITIALIZED_AUTOS = YES_AGGRESSIVE;
				GCC_WARN_UNUSED_FUNCTION = YES;
				GCC_WARN_UNUSED_VARIABLE = YES;
				IPHONEOS_DEPLOYMENT_TARGET = 14.0;
				MTL_ENABLE_DEBUG_INFO = INCLUDE_SOURCE;
				MTL_FAST_MATH = YES;
				ONLY_ACTIVE_ARCH = YES;
				SDKROOT = iphoneos;
				SWIFT_ACTIVE_COMPILATION_CONDITIONS = DEBUG;
				SWIFT_OPTIMIZATION_LEVEL = "-Onone";
			};
			name = Debug;
		};
		6321038728F06E7300CC1609 /* Release */ = {
			isa = XCBuildConfiguration;
			buildSettings = {
				ALWAYS_SEARCH_USER_PATHS = NO;
				CLANG_ANALYZER_NONNULL = YES;
				CLANG_ANALYZER_NUMBER_OBJECT_CONVERSION = YES_AGGRESSIVE;
				CLANG_CXX_LANGUAGE_STANDARD = "gnu++20";
				CLANG_ENABLE_MODULES = YES;
				CLANG_ENABLE_OBJC_ARC = YES;
				CLANG_ENABLE_OBJC_WEAK = YES;
				CLANG_WARN_BLOCK_CAPTURE_AUTORELEASING = YES;
				CLANG_WARN_BOOL_CONVERSION = YES;
				CLANG_WARN_COMMA = YES;
				CLANG_WARN_CONSTANT_CONVERSION = YES;
				CLANG_WARN_DEPRECATED_OBJC_IMPLEMENTATIONS = YES;
				CLANG_WARN_DIRECT_OBJC_ISA_USAGE = YES_ERROR;
				CLANG_WARN_DOCUMENTATION_COMMENTS = YES;
				CLANG_WARN_EMPTY_BODY = YES;
				CLANG_WARN_ENUM_CONVERSION = YES;
				CLANG_WARN_INFINITE_RECURSION = YES;
				CLANG_WARN_INT_CONVERSION = YES;
				CLANG_WARN_NON_LITERAL_NULL_CONVERSION = YES;
				CLANG_WARN_OBJC_IMPLICIT_RETAIN_SELF = YES;
				CLANG_WARN_OBJC_LITERAL_CONVERSION = YES;
				CLANG_WARN_OBJC_ROOT_CLASS = YES_ERROR;
				CLANG_WARN_QUOTED_INCLUDE_IN_FRAMEWORK_HEADER = YES;
				CLANG_WARN_RANGE_LOOP_ANALYSIS = YES;
				CLANG_WARN_STRICT_PROTOTYPES = YES;
				CLANG_WARN_SUSPICIOUS_MOVE = YES;
				CLANG_WARN_UNGUARDED_AVAILABILITY = YES_AGGRESSIVE;
				CLANG_WARN_UNREACHABLE_CODE = YES;
				CLANG_WARN__DUPLICATE_METHOD_MATCH = YES;
				COPY_PHASE_STRIP = NO;
				DEBUG_INFORMATION_FORMAT = "dwarf-with-dsym";
				ENABLE_NS_ASSERTIONS = NO;
				ENABLE_STRICT_OBJC_MSGSEND = YES;
				GCC_C_LANGUAGE_STANDARD = gnu11;
				GCC_NO_COMMON_BLOCKS = YES;
				GCC_WARN_64_TO_32_BIT_CONVERSION = YES;
				GCC_WARN_ABOUT_RETURN_TYPE = YES_ERROR;
				GCC_WARN_UNDECLARED_SELECTOR = YES;
				GCC_WARN_UNINITIALIZED_AUTOS = YES_AGGRESSIVE;
				GCC_WARN_UNUSED_FUNCTION = YES;
				GCC_WARN_UNUSED_VARIABLE = YES;
				IPHONEOS_DEPLOYMENT_TARGET = 14.0;
				MTL_ENABLE_DEBUG_INFO = NO;
				MTL_FAST_MATH = YES;
				SDKROOT = iphoneos;
				SWIFT_COMPILATION_MODE = wholemodule;
				SWIFT_OPTIMIZATION_LEVEL = "-O";
				VALIDATE_PRODUCT = YES;
			};
			name = Release;
		};
		6321038928F06E7300CC1609 /* Debug */ = {
			isa = XCBuildConfiguration;
			buildSettings = {
				ASSETCATALOG_COMPILER_APPICON_NAME = AppIcon;
				ASSETCATALOG_COMPILER_GLOBAL_ACCENT_COLOR_NAME = AccentColor;
				CODE_SIGN_STYLE = Automatic;
				CURRENT_PROJECT_VERSION = 1;
				DEVELOPMENT_TEAM = 2PC84U64N2;
				GENERATE_INFOPLIST_FILE = YES;
				INFOPLIST_FILE = VideoRecorder/Info.plist;
				INFOPLIST_KEY_UIApplicationSupportsIndirectInputEvents = YES;
				INFOPLIST_KEY_UILaunchStoryboardName = LaunchScreen;
				INFOPLIST_KEY_UISupportedInterfaceOrientations_iPad = "UIInterfaceOrientationPortrait UIInterfaceOrientationPortraitUpsideDown UIInterfaceOrientationLandscapeLeft UIInterfaceOrientationLandscapeRight";
				INFOPLIST_KEY_UISupportedInterfaceOrientations_iPhone = "UIInterfaceOrientationPortrait UIInterfaceOrientationLandscapeLeft UIInterfaceOrientationLandscapeRight";
				LD_RUNPATH_SEARCH_PATHS = (
					"$(inherited)",
					"@executable_path/Frameworks",
				);
				MARKETING_VERSION = 1.0;
				PRODUCT_BUNDLE_IDENTIFIER = net.yagom.VideoRecorder;
				PRODUCT_NAME = "$(TARGET_NAME)";
				SWIFT_EMIT_LOC_STRINGS = YES;
				SWIFT_VERSION = 5.0;
				TARGETED_DEVICE_FAMILY = 1;
			};
			name = Debug;
		};
		6321038A28F06E7300CC1609 /* Release */ = {
			isa = XCBuildConfiguration;
			buildSettings = {
				ASSETCATALOG_COMPILER_APPICON_NAME = AppIcon;
				ASSETCATALOG_COMPILER_GLOBAL_ACCENT_COLOR_NAME = AccentColor;
				CODE_SIGN_STYLE = Automatic;
				CURRENT_PROJECT_VERSION = 1;
				DEVELOPMENT_TEAM = 2PC84U64N2;
				GENERATE_INFOPLIST_FILE = YES;
				INFOPLIST_FILE = VideoRecorder/Info.plist;
				INFOPLIST_KEY_UIApplicationSupportsIndirectInputEvents = YES;
				INFOPLIST_KEY_UILaunchStoryboardName = LaunchScreen;
				INFOPLIST_KEY_UISupportedInterfaceOrientations_iPad = "UIInterfaceOrientationPortrait UIInterfaceOrientationPortraitUpsideDown UIInterfaceOrientationLandscapeLeft UIInterfaceOrientationLandscapeRight";
				INFOPLIST_KEY_UISupportedInterfaceOrientations_iPhone = "UIInterfaceOrientationPortrait UIInterfaceOrientationLandscapeLeft UIInterfaceOrientationLandscapeRight";
				LD_RUNPATH_SEARCH_PATHS = (
					"$(inherited)",
					"@executable_path/Frameworks",
				);
				MARKETING_VERSION = 1.0;
				PRODUCT_BUNDLE_IDENTIFIER = net.yagom.VideoRecorder;
				PRODUCT_NAME = "$(TARGET_NAME)";
				SWIFT_EMIT_LOC_STRINGS = YES;
				SWIFT_VERSION = 5.0;
				TARGETED_DEVICE_FAMILY = 1;
			};
			name = Release;
		};
/* End XCBuildConfiguration section */

/* Begin XCConfigurationList section */
		6321036F28F06E7200CC1609 /* Build configuration list for PBXProject "VideoRecorder" */ = {
			isa = XCConfigurationList;
			buildConfigurations = (
				6321038628F06E7300CC1609 /* Debug */,
				6321038728F06E7300CC1609 /* Release */,
			);
			defaultConfigurationIsVisible = 0;
			defaultConfigurationName = Release;
		};
		6321038828F06E7300CC1609 /* Build configuration list for PBXNativeTarget "VideoRecorder" */ = {
			isa = XCConfigurationList;
			buildConfigurations = (
				6321038928F06E7300CC1609 /* Debug */,
				6321038A28F06E7300CC1609 /* Release */,
			);
			defaultConfigurationIsVisible = 0;
			defaultConfigurationName = Release;
		};
/* End XCConfigurationList section */

/* Begin XCRemoteSwiftPackageReference section */
		0B842A0328F4883A00723AD4 /* XCRemoteSwiftPackageReference "firebase-ios-sdk" */ = {
			isa = XCRemoteSwiftPackageReference;
			repositoryURL = "https://github.com/firebase/firebase-ios-sdk";
			requirement = {
				branch = master;
				kind = branch;
			};
		};
/* End XCRemoteSwiftPackageReference section */

/* Begin XCSwiftPackageProductDependency section */
		0B842A0428F4883A00723AD4 /* FirebaseStorage */ = {
			isa = XCSwiftPackageProductDependency;
			package = 0B842A0328F4883A00723AD4 /* XCRemoteSwiftPackageReference "firebase-ios-sdk" */;
			productName = FirebaseStorage;
		};
/* End XCSwiftPackageProductDependency section */
	};
	rootObject = 6321036C28F06E7200CC1609 /* Project object */;
}
